
Microsoft Visual Studio Solution File, Format Version 12.00
# Visual Studio 15
VisualStudioVersion = 15.0.28307.645
MinimumVisualStudioVersion = 10.0.40219.1
Project("{888888A0-9F3D-457C-B088-3A5042F75D52}") = "Lab1B", "Lab1B\Lab1B.pyproj", "{DEABA049-BC31-405D-BC2D-29E07CB775D8}"
EndProject
Global
	GlobalSection(SolutionConfigurationPlatforms) = preSolution
		Debug|Any CPU = Debug|Any CPU
		Release|Any CPU = Release|Any CPU
	EndGlobalSection
	GlobalSection(ProjectConfigurationPlatforms) = postSolution
		{DEABA049-BC31-405D-BC2D-29E07CB775D8}.Debug|Any CPU.ActiveCfg = Debug|Any CPU
		{DEABA049-BC31-405D-BC2D-29E07CB775D8}.Release|Any CPU.ActiveCfg = Release|Any CPU
	EndGlobalSection
	GlobalSection(SolutionProperties) = preSolution
		HideSolutionNode = FALSE
	EndGlobalSection
	GlobalSection(ExtensibilityGlobals) = postSolution
		SolutionGuid = {94AD51E2-710D-4BE7-AF14-2478D4441A14}
	EndGlobalSection
EndGlobal
