
Microsoft Visual Studio Solution File, Format Version 12.00
# Visual Studio 15
VisualStudioVersion = 15.0.28307.645
MinimumVisualStudioVersion = 10.0.40219.1
Project("{888888A0-9F3D-457C-B088-3A5042F75D52}") = "Lab1A", "Lab1A\Lab1A.pyproj", "{D24E7950-6A55-4BF3-940E-26B4DA687645}"
EndProject
Global
	GlobalSection(SolutionConfigurationPlatforms) = preSolution
		Debug|Any CPU = Debug|Any CPU
		Release|Any CPU = Release|Any CPU
	EndGlobalSection
	GlobalSection(ProjectConfigurationPlatforms) = postSolution
		{D24E7950-6A55-4BF3-940E-26B4DA687645}.Debug|Any CPU.ActiveCfg = Debug|Any CPU
		{D24E7950-6A55-4BF3-940E-26B4DA687645}.Release|Any CPU.ActiveCfg = Release|Any CPU
	EndGlobalSection
	GlobalSection(SolutionProperties) = preSolution
		HideSolutionNode = FALSE
	EndGlobalSection
	GlobalSection(ExtensibilityGlobals) = postSolution
		SolutionGuid = {13FA2A52-0C50-4531-8C3B-B2DADE1FD8D5}
	EndGlobalSection
EndGlobal
